
Microsoft Visual Studio Solution File, Format Version 12.00
# Visual Studio Version 17
VisualStudioVersion = 17.8.34316.72
MinimumVisualStudioVersion = 10.0.40219.1
Project("{9A19103F-16F7-4668-BE54-9A1E7A4F7556}") = "Beep.DeveloperAssistant.Logic", "Beep.DeveloperAssistant.Logic\Beep.DeveloperAssistant.Logic.csproj", "{E5D22710-013C-4D17-AF67-2F1459A77435}"
EndProject
Project("{9A19103F-16F7-4668-BE54-9A1E7A4F7556}") = "Beep.DeveloperAssistant.Nodes", "Beep.DeveloperAssistant.Nodes\Beep.DeveloperAssistant.Nodes.csproj", "{FDB1B8B2-02C2-432E-B5DC-2FCFB78732ED}"
EndProject
Project("{9A19103F-16F7-4668-BE54-9A1E7A4F7556}") = "Beep.DeveloperAssistant.WinformCore", "Beep.DeveloperAssistant.WinformCore\Beep.DeveloperAssistant.WinformCore.csproj", "{F92FF228-8933-4E92-8D69-6BF0A0EB11F1}"
EndProject
Project("{FAE04EC0-301F-11D3-BF4B-00C04F79EFBC}") = "Beep.DeveloperAssistant.MenuCommands", "Beep.DeveloperAssistant.Logic.MenuCommands\Beep.DeveloperAssistant.MenuCommands.csproj", "{C73D74A7-0DDC-4548-A74C-5E44760D156E}"
EndProject
Global
	GlobalSection(SolutionConfigurationPlatforms) = preSolution
		Debug|Any CPU = Debug|Any CPU
		Debug|x64 = Debug|x64
		Release|Any CPU = Release|Any CPU
		Release|x64 = Release|x64
	EndGlobalSection
	GlobalSection(ProjectConfigurationPlatforms) = postSolution
		{E5D22710-013C-4D17-AF67-2F1459A77435}.Debug|Any CPU.ActiveCfg = Debug|Any CPU
		{E5D22710-013C-4D17-AF67-2F1459A77435}.Debug|Any CPU.Build.0 = Debug|Any CPU
		{E5D22710-013C-4D17-AF67-2F1459A77435}.Debug|x64.ActiveCfg = Debug|Any CPU
		{E5D22710-013C-4D17-AF67-2F1459A77435}.Debug|x64.Build.0 = Debug|Any CPU
		{E5D22710-013C-4D17-AF67-2F1459A77435}.Release|Any CPU.ActiveCfg = Release|Any CPU
		{E5D22710-013C-4D17-AF67-2F1459A77435}.Release|Any CPU.Build.0 = Release|Any CPU
		{E5D22710-013C-4D17-AF67-2F1459A77435}.Release|x64.ActiveCfg = Release|Any CPU
		{E5D22710-013C-4D17-AF67-2F1459A77435}.Release|x64.Build.0 = Release|Any CPU
		{FDB1B8B2-02C2-432E-B5DC-2FCFB78732ED}.Debug|Any CPU.ActiveCfg = Debug|Any CPU
		{FDB1B8B2-02C2-432E-B5DC-2FCFB78732ED}.Debug|Any CPU.Build.0 = Debug|Any CPU
		{FDB1B8B2-02C2-432E-B5DC-2FCFB78732ED}.Debug|x64.ActiveCfg = Debug|Any CPU
		{FDB1B8B2-02C2-432E-B5DC-2FCFB78732ED}.Debug|x64.Build.0 = Debug|Any CPU
		{FDB1B8B2-02C2-432E-B5DC-2FCFB78732ED}.Release|Any CPU.ActiveCfg = Release|Any CPU
		{FDB1B8B2-02C2-432E-B5DC-2FCFB78732ED}.Release|Any CPU.Build.0 = Release|Any CPU
		{FDB1B8B2-02C2-432E-B5DC-2FCFB78732ED}.Release|x64.ActiveCfg = Release|Any CPU
		{FDB1B8B2-02C2-432E-B5DC-2FCFB78732ED}.Release|x64.Build.0 = Release|Any CPU
		{F92FF228-8933-4E92-8D69-6BF0A0EB11F1}.Debug|Any CPU.ActiveCfg = Debug|Any CPU
		{F92FF228-8933-4E92-8D69-6BF0A0EB11F1}.Debug|Any CPU.Build.0 = Debug|Any CPU
		{F92FF228-8933-4E92-8D69-6BF0A0EB11F1}.Debug|x64.ActiveCfg = Debug|Any CPU
		{F92FF228-8933-4E92-8D69-6BF0A0EB11F1}.Debug|x64.Build.0 = Debug|Any CPU
		{F92FF228-8933-4E92-8D69-6BF0A0EB11F1}.Release|Any CPU.ActiveCfg = Release|Any CPU
		{F92FF228-8933-4E92-8D69-6BF0A0EB11F1}.Release|Any CPU.Build.0 = Release|Any CPU
		{F92FF228-8933-4E92-8D69-6BF0A0EB11F1}.Release|x64.ActiveCfg = Release|Any CPU
		{F92FF228-8933-4E92-8D69-6BF0A0EB11F1}.Release|x64.Build.0 = Release|Any CPU
		{C73D74A7-0DDC-4548-A74C-5E44760D156E}.Debug|Any CPU.ActiveCfg = Debug|Any CPU
		{C73D74A7-0DDC-4548-A74C-5E44760D156E}.Debug|Any CPU.Build.0 = Debug|Any CPU
		{C73D74A7-0DDC-4548-A74C-5E44760D156E}.Debug|x64.ActiveCfg = Debug|Any CPU
		{C73D74A7-0DDC-4548-A74C-5E44760D156E}.Debug|x64.Build.0 = Debug|Any CPU
		{C73D74A7-0DDC-4548-A74C-5E44760D156E}.Release|Any CPU.ActiveCfg = Release|Any CPU
		{C73D74A7-0DDC-4548-A74C-5E44760D156E}.Release|Any CPU.Build.0 = Release|Any CPU
		{C73D74A7-0DDC-4548-A74C-5E44760D156E}.Release|x64.ActiveCfg = Release|Any CPU
		{C73D74A7-0DDC-4548-A74C-5E44760D156E}.Release|x64.Build.0 = Release|Any CPU
	EndGlobalSection
	GlobalSection(SolutionProperties) = preSolution
		HideSolutionNode = FALSE
	EndGlobalSection
	GlobalSection(ExtensibilityGlobals) = postSolution
		SolutionGuid = {D1B346F3-CC72-46C6-B656-A95A8EA5F8F9}
	EndGlobalSection
EndGlobal
